
Microsoft Visual Studio Solution File, Format Version 12.00
# Visual Studio Version 17
VisualStudioVersion = 17.0.31903.59
MinimumVisualStudioVersion = 10.0.40219.1
Project("{9A19103F-16F7-4668-BE54-9A1E7A4F7556}") = "API", "API\API.csproj", "{8EBE392A-BA06-410E-97D8-B369479B86EE}"
EndProject
Project("{9A19103F-16F7-4668-BE54-9A1E7A4F7556}") = "Application", "Application\Application.csproj", "{B1B08B0F-0D4F-43E8-92B1-357466B8248D}"
EndProject
Project("{9A19103F-16F7-4668-BE54-9A1E7A4F7556}") = "Domain", "Domain\Domain.csproj", "{3294F8B2-1332-4385-80FB-35A9EFCB6717}"
EndProject
Project("{9A19103F-16F7-4668-BE54-9A1E7A4F7556}") = "Persistence", "Persistence\Persistence.csproj", "{B34FFE8B-B93B-40B3-914E-393D33A04B8A}"
EndProject
Project("{FAE04EC0-301F-11D3-BF4B-00C04F79EFBC}") = "Infrastructure", "Infrastructure\Infrastructure.csproj", "{04DE02EF-BE9F-44DF-BA8A-F9CD76E718E1}"
EndProject
Global
	GlobalSection(SolutionConfigurationPlatforms) = preSolution
		Debug|Any CPU = Debug|Any CPU
		Release|Any CPU = Release|Any CPU
	EndGlobalSection
	GlobalSection(ProjectConfigurationPlatforms) = postSolution
		{8EBE392A-BA06-410E-97D8-B369479B86EE}.Debug|Any CPU.ActiveCfg = Debug|Any CPU
		{8EBE392A-BA06-410E-97D8-B369479B86EE}.Debug|Any CPU.Build.0 = Debug|Any CPU
		{8EBE392A-BA06-410E-97D8-B369479B86EE}.Release|Any CPU.ActiveCfg = Release|Any CPU
		{8EBE392A-BA06-410E-97D8-B369479B86EE}.Release|Any CPU.Build.0 = Release|Any CPU
		{B1B08B0F-0D4F-43E8-92B1-357466B8248D}.Debug|Any CPU.ActiveCfg = Debug|Any CPU
		{B1B08B0F-0D4F-43E8-92B1-357466B8248D}.Debug|Any CPU.Build.0 = Debug|Any CPU
		{B1B08B0F-0D4F-43E8-92B1-357466B8248D}.Release|Any CPU.ActiveCfg = Release|Any CPU
		{B1B08B0F-0D4F-43E8-92B1-357466B8248D}.Release|Any CPU.Build.0 = Release|Any CPU
		{3294F8B2-1332-4385-80FB-35A9EFCB6717}.Debug|Any CPU.ActiveCfg = Debug|Any CPU
		{3294F8B2-1332-4385-80FB-35A9EFCB6717}.Debug|Any CPU.Build.0 = Debug|Any CPU
		{3294F8B2-1332-4385-80FB-35A9EFCB6717}.Release|Any CPU.ActiveCfg = Release|Any CPU
		{3294F8B2-1332-4385-80FB-35A9EFCB6717}.Release|Any CPU.Build.0 = Release|Any CPU
		{B34FFE8B-B93B-40B3-914E-393D33A04B8A}.Debug|Any CPU.ActiveCfg = Debug|Any CPU
		{B34FFE8B-B93B-40B3-914E-393D33A04B8A}.Debug|Any CPU.Build.0 = Debug|Any CPU
		{B34FFE8B-B93B-40B3-914E-393D33A04B8A}.Release|Any CPU.ActiveCfg = Release|Any CPU
		{B34FFE8B-B93B-40B3-914E-393D33A04B8A}.Release|Any CPU.Build.0 = Release|Any CPU
		{04DE02EF-BE9F-44DF-BA8A-F9CD76E718E1}.Debug|Any CPU.ActiveCfg = Debug|Any CPU
		{04DE02EF-BE9F-44DF-BA8A-F9CD76E718E1}.Debug|Any CPU.Build.0 = Debug|Any CPU
		{04DE02EF-BE9F-44DF-BA8A-F9CD76E718E1}.Release|Any CPU.ActiveCfg = Release|Any CPU
		{04DE02EF-BE9F-44DF-BA8A-F9CD76E718E1}.Release|Any CPU.Build.0 = Release|Any CPU
	EndGlobalSection
	GlobalSection(SolutionProperties) = preSolution
		HideSolutionNode = FALSE
	EndGlobalSection
	GlobalSection(ExtensibilityGlobals) = postSolution
		SolutionGuid = {DF4B5D64-86DE-4442-A5B5-D048BEB1489A}
	EndGlobalSection
EndGlobal
